{
  "name": "st8",
  "version": "3.0.0",
  "lockfileVersion": 2,
  "requires": true,
  "packages": {
    "": {
      "name": "st8",
      "version": "3.0.0",
      "license": "MIT",
      "devDependencies": {
        "tst": "^7.1.1"
      }
    },
    "node_modules/tst": {
      "version": "7.1.1",
      "resolved": "https://registry.npmjs.org/tst/-/tst-7.1.1.tgz",
      "integrity": "sha512-8YzRv0WfbdXT6xiJasrH43D04PvzJONxLNSbLvWuXggKLmVJFYxG6DnXaWZNw4SOPoCYw6AaUxCfNf887TzVHw==",
      "dev": true
    }
  },
  "dependencies": {
    "tst": {
      "version": "7.1.1",
      "resolved": "https://registry.npmjs.org/tst/-/tst-7.1.1.tgz",
      "integrity": "sha512-8YzRv0WfbdXT6xiJasrH43D04PvzJONxLNSbLvWuXggKLmVJFYxG6DnXaWZNw4SOPoCYw6AaUxCfNf887TzVHw==",
      "dev": true
    }
  }
}
